
Microsoft Visual Studio Solution File, Format Version 12.00
# Visual Studio Version 16
VisualStudioVersion = 16.0.29201.188
MinimumVisualStudioVersion = 10.0.40219.1
Project("{FAE04EC0-301F-11D3-BF4B-00C04F79EFBC}") = "BannerProjectVer1", "BannerProjectVer1\BannerProjectVer1.csproj", "{33DD37DF-7E85-4788-A443-2ECB6BD5B221}"
EndProject
Global
	GlobalSection(SolutionConfigurationPlatforms) = preSolution
		Debug|Any CPU = Debug|Any CPU
		Release|Any CPU = Release|Any CPU
	EndGlobalSection
	GlobalSection(ProjectConfigurationPlatforms) = postSolution
		{33DD37DF-7E85-4788-A443-2ECB6BD5B221}.Debug|Any CPU.ActiveCfg = Debug|Any CPU
		{33DD37DF-7E85-4788-A443-2ECB6BD5B221}.Debug|Any CPU.Build.0 = Debug|Any CPU
		{33DD37DF-7E85-4788-A443-2ECB6BD5B221}.Release|Any CPU.ActiveCfg = Release|Any CPU
		{33DD37DF-7E85-4788-A443-2ECB6BD5B221}.Release|Any CPU.Build.0 = Release|Any CPU
	EndGlobalSection
	GlobalSection(SolutionProperties) = preSolution
		HideSolutionNode = FALSE
	EndGlobalSection
	GlobalSection(ExtensibilityGlobals) = postSolution
		SolutionGuid = {F5C6FD19-7B42-435F-BB1D-1CC6E82E7AF1}
	EndGlobalSection
EndGlobal
